
Microsoft Visual Studio Solution File, Format Version 12.00
# Visual Studio Version 16
VisualStudioVersion = 16.0.809.5
MinimumVisualStudioVersion = 10.0.40219.1
Project("{FAE04EC0-301F-11D3-BF4B-00C04F79EFBC}") = "MvcMovie", "MvcMovie.csproj", "{5BE7B8F9-F7EA-4CC5-A28B-0E4E94DE7316}"
EndProject
Global
	GlobalSection(SolutionConfigurationPlatforms) = preSolution
		Debug|Any CPU = Debug|Any CPU
		Release|Any CPU = Release|Any CPU
	EndGlobalSection
	GlobalSection(ProjectConfigurationPlatforms) = postSolution
		{5BE7B8F9-F7EA-4CC5-A28B-0E4E94DE7316}.Debug|Any CPU.ActiveCfg = Debug|Any CPU
		{5BE7B8F9-F7EA-4CC5-A28B-0E4E94DE7316}.Debug|Any CPU.Build.0 = Debug|Any CPU
		{5BE7B8F9-F7EA-4CC5-A28B-0E4E94DE7316}.Release|Any CPU.ActiveCfg = Release|Any CPU
		{5BE7B8F9-F7EA-4CC5-A28B-0E4E94DE7316}.Release|Any CPU.Build.0 = Release|Any CPU
	EndGlobalSection
	GlobalSection(SolutionProperties) = preSolution
		HideSolutionNode = FALSE
	EndGlobalSection
	GlobalSection(ExtensibilityGlobals) = postSolution
		SolutionGuid = {8A0DED98-04AA-40E9-949D-A7B219316E9B}
	EndGlobalSection
EndGlobal
